// !$*UTF8*$!
{
	archiveVersion = 1;
	classes = {
	};
	objectVersion = 55;
	objects = {

/* Begin PBXBuildFile section */
		C006D48A28210CD3007BD636 /* ExercisesApp.swift in Sources */ = {isa = PBXBuildFile; fileRef = C006D48928210CD3007BD636 /* ExercisesApp.swift */; };
		C006D48E28210CD4007BD636 /* Assets.xcassets in Resources */ = {isa = PBXBuildFile; fileRef = C006D48D28210CD4007BD636 /* Assets.xcassets */; };
		C006D49128210CD4007BD636 /* Preview Assets.xcassets in Resources */ = {isa = PBXBuildFile; fileRef = C006D49028210CD4007BD636 /* Preview Assets.xcassets */; };
		C006D49928210D2B007BD636 /* ImageLoaderDemo.swift in Sources */ = {isa = PBXBuildFile; fileRef = C006D49828210D2B007BD636 /* ImageLoaderDemo.swift */; };
		C006D49C28210DA0007BD636 /* KnobColorDemo.swift in Sources */ = {isa = PBXBuildFile; fileRef = C006D49B28210DA0007BD636 /* KnobColorDemo.swift */; };
		C006D49F28210EE8007BD636 /* CollapsibleHStackDemo.swift in Sources */ = {isa = PBXBuildFile; fileRef = C006D49E28210EE8007BD636 /* CollapsibleHStackDemo.swift */; };
		C006D4A2282115EF007BD636 /* BadgeDemo.swift in Sources */ = {isa = PBXBuildFile; fileRef = C006D4A1282115EF007BD636 /* BadgeDemo.swift */; };
		C006D4A52822DF81007BD636 /* TableViewDemo.swift in Sources */ = {isa = PBXBuildFile; fileRef = C006D4A42822DF81007BD636 /* TableViewDemo.swift */; };
		C006D4A828263CB7007BD636 /* TestingDemo.swift in Sources */ = {isa = PBXBuildFile; fileRef = C006D4A728263CB7007BD636 /* TestingDemo.swift */; };
		C006D4AB282640F4007BD636 /* AnimatedTableViewDemo.swift in Sources */ = {isa = PBXBuildFile; fileRef = C006D4AA282640F4007BD636 /* AnimatedTableViewDemo.swift */; };
/* End PBXBuildFile section */

/* Begin PBXFileReference section */
		C006D48628210CD3007BD636 /* Exercises.app */ = {isa = PBXFileReference; explicitFileType = wrapper.application; includeInIndex = 0; path = Exercises.app; sourceTree = BUILT_PRODUCTS_DIR; };
		C006D48928210CD3007BD636 /* ExercisesApp.swift */ = {isa = PBXFileReference; lastKnownFileType = sourcecode.swift; path = ExercisesApp.swift; sourceTree = "<group>"; };
		C006D48D28210CD4007BD636 /* Assets.xcassets */ = {isa = PBXFileReference; lastKnownFileType = folder.assetcatalog; path = Assets.xcassets; sourceTree = "<group>"; };
		C006D49028210CD4007BD636 /* Preview Assets.xcassets */ = {isa = PBXFileReference; lastKnownFileType = folder.assetcatalog; path = "Preview Assets.xcassets"; sourceTree = "<group>"; };
		C006D49828210D2B007BD636 /* ImageLoaderDemo.swift */ = {isa = PBXFileReference; lastKnownFileType = sourcecode.swift; path = ImageLoaderDemo.swift; sourceTree = "<group>"; };
		C006D49B28210DA0007BD636 /* KnobColorDemo.swift */ = {isa = PBXFileReference; lastKnownFileType = sourcecode.swift; path = KnobColorDemo.swift; sourceTree = "<group>"; };
		C006D49E28210EE8007BD636 /* CollapsibleHStackDemo.swift */ = {isa = PBXFileReference; lastKnownFileType = sourcecode.swift; path = CollapsibleHStackDemo.swift; sourceTree = "<group>"; };
		C006D4A1282115EF007BD636 /* BadgeDemo.swift */ = {isa = PBXFileReference; lastKnownFileType = sourcecode.swift; path = BadgeDemo.swift; sourceTree = "<group>"; };
		C006D4A42822DF81007BD636 /* TableViewDemo.swift */ = {isa = PBXFileReference; lastKnownFileType = sourcecode.swift; path = TableViewDemo.swift; sourceTree = "<group>"; };
		C006D4A728263CB7007BD636 /* TestingDemo.swift */ = {isa = PBXFileReference; lastKnownFileType = sourcecode.swift; path = TestingDemo.swift; sourceTree = "<group>"; };
		C006D4AA282640F4007BD636 /* AnimatedTableViewDemo.swift */ = {isa = PBXFileReference; lastKnownFileType = sourcecode.swift; path = AnimatedTableViewDemo.swift; sourceTree = "<group>"; };
/* End PBXFileReference section */

/* Begin PBXFrameworksBuildPhase section */
		C006D48328210CD3007BD636 /* Frameworks */ = {
			isa = PBXFrameworksBuildPhase;
			buildActionMask = 2147483647;
			files = (
			);
			runOnlyForDeploymentPostprocessing = 0;
		};
/* End PBXFrameworksBuildPhase section */

/* Begin PBXGroup section */
		C006D47D28210CD3007BD636 = {
			isa = PBXGroup;
			children = (
				C006D48828210CD3007BD636 /* Exercises */,
				C006D48728210CD3007BD636 /* Products */,
			);
			sourceTree = "<group>";
		};
		C006D48728210CD3007BD636 /* Products */ = {
			isa = PBXGroup;
			children = (
				C006D48628210CD3007BD636 /* Exercises.app */,
			);
			name = Products;
			sourceTree = "<group>";
		};
		C006D48828210CD3007BD636 /* Exercises */ = {
			isa = PBXGroup;
			children = (
				C006D4A628263CA3007BD636 /* 00_Testing */,
				C006D49728210CFD007BD636 /* 02_ImageLoader */,
				C006D49A28210D74007BD636 /* 03_KnobColor */,
				C006D49D28210ECC007BD636 /* 04_CollapsibleHStack */,
				C006D4A0282115DB007BD636 /* 04_Badge */,
				C006D4A32822DF67007BD636 /* 05_TableView */,
				C006D4A9282640A3007BD636 /* 05_AnimatedTableView */,
				C006D48928210CD3007BD636 /* ExercisesApp.swift */,
				C006D48D28210CD4007BD636 /* Assets.xcassets */,
				C006D48F28210CD4007BD636 /* Preview Content */,
			);
			path = Exercises;
			sourceTree = "<group>";
		};
		C006D48F28210CD4007BD636 /* Preview Content */ = {
			isa = PBXGroup;
			children = (
				C006D49028210CD4007BD636 /* Preview Assets.xcassets */,
			);
			path = "Preview Content";
			sourceTree = "<group>";
		};
		C006D49728210CFD007BD636 /* 02_ImageLoader */ = {
			isa = PBXGroup;
			children = (
				C006D49828210D2B007BD636 /* ImageLoaderDemo.swift */,
			);
			path = 02_ImageLoader;
			sourceTree = "<group>";
		};
		C006D49A28210D74007BD636 /* 03_KnobColor */ = {
			isa = PBXGroup;
			children = (
				C006D49B28210DA0007BD636 /* KnobColorDemo.swift */,
			);
			path = 03_KnobColor;
			sourceTree = "<group>";
		};
		C006D49D28210ECC007BD636 /* 04_CollapsibleHStack */ = {
			isa = PBXGroup;
			children = (
				C006D49E28210EE8007BD636 /* CollapsibleHStackDemo.swift */,
			);
			path = 04_CollapsibleHStack;
			sourceTree = "<group>";
		};
		C006D4A0282115DB007BD636 /* 04_Badge */ = {
			isa = PBXGroup;
			children = (
				C006D4A1282115EF007BD636 /* BadgeDemo.swift */,
			);
			path = 04_Badge;
			sourceTree = "<group>";
		};
		C006D4A32822DF67007BD636 /* 05_TableView */ = {
			isa = PBXGroup;
			children = (
				C006D4A42822DF81007BD636 /* TableViewDemo.swift */,
			);
			path = 05_TableView;
			sourceTree = "<group>";
		};
		C006D4A628263CA3007BD636 /* 00_Testing */ = {
			isa = PBXGroup;
			children = (
				C006D4A728263CB7007BD636 /* TestingDemo.swift */,
			);
			path = 00_Testing;
			sourceTree = "<group>";
		};
		C006D4A9282640A3007BD636 /* 05_AnimatedTableView */ = {
			isa = PBXGroup;
			children = (
				C006D4AA282640F4007BD636 /* AnimatedTableViewDemo.swift */,
			);
			path = 05_AnimatedTableView;
			sourceTree = "<group>";
		};
/* End PBXGroup section */

/* Begin PBXNativeTarget section */
		C006D48528210CD3007BD636 /* Exercises */ = {
			isa = PBXNativeTarget;
			buildConfigurationList = C006D49428210CD4007BD636 /* Build configuration list for PBXNativeTarget "Exercises" */;
			buildPhases = (
				C006D48228210CD3007BD636 /* Sources */,
				C006D48328210CD3007BD636 /* Frameworks */,
				C006D48428210CD3007BD636 /* Resources */,
			);
			buildRules = (
			);
			dependencies = (
			);
			name = Exercises;
			productName = Exercises;
			productReference = C006D48628210CD3007BD636 /* Exercises.app */;
			productType = "com.apple.product-type.application";
		};
/* End PBXNativeTarget section */

/* Begin PBXProject section */
		C006D47E28210CD3007BD636 /* Project object */ = {
			isa = PBXProject;
			attributes = {
				BuildIndependentTargetsInParallel = 1;
				LastSwiftUpdateCheck = 1330;
				LastUpgradeCheck = 1330;
				TargetAttributes = {
					C006D48528210CD3007BD636 = {
						CreatedOnToolsVersion = 13.3;
					};
				};
			};
			buildConfigurationList = C006D48128210CD3007BD636 /* Build configuration list for PBXProject "Exercises" */;
			compatibilityVersion = "Xcode 13.0";
			developmentRegion = en;
			hasScannedForEncodings = 0;
			knownRegions = (
				en,
				Base,
			);
			mainGroup = C006D47D28210CD3007BD636;
			productRefGroup = C006D48728210CD3007BD636 /* Products */;
			projectDirPath = "";
			projectRoot = "";
			targets = (
				C006D48528210CD3007BD636 /* Exercises */,
			);
		};
/* End PBXProject section */

/* Begin PBXResourcesBuildPhase section */
		C006D48428210CD3007BD636 /* Resources */ = {
			isa = PBXResourcesBuildPhase;
			buildActionMask = 2147483647;
			files = (
				C006D49128210CD4007BD636 /* Preview Assets.xcassets in Resources */,
				C006D48E28210CD4007BD636 /* Assets.xcassets in Resources */,
			);
			runOnlyForDeploymentPostprocessing = 0;
		};
/* End PBXResourcesBuildPhase section */

/* Begin PBXSourcesBuildPhase section */
		C006D48228210CD3007BD636 /* Sources */ = {
			isa = PBXSourcesBuildPhase;
			buildActionMask = 2147483647;
			files = (
				C006D4A52822DF81007BD636 /* TableViewDemo.swift in Sources */,
				C006D4AB282640F4007BD636 /* AnimatedTableViewDemo.swift in Sources */,
				C006D49C28210DA0007BD636 /* KnobColorDemo.swift in Sources */,
				C006D49928210D2B007BD636 /* ImageLoaderDemo.swift in Sources */,
				C006D4A2282115EF007BD636 /* BadgeDemo.swift in Sources */,
				C006D4A828263CB7007BD636 /* TestingDemo.swift in Sources */,
				C006D48A28210CD3007BD636 /* ExercisesApp.swift in Sources */,
				C006D49F28210EE8007BD636 /* CollapsibleHStackDemo.swift in Sources */,
			);
			runOnlyForDeploymentPostprocessing = 0;
		};
/* End PBXSourcesBuildPhase section */

/* Begin XCBuildConfiguration section */
		C006D49228210CD4007BD636 /* Debug */ = {
			isa = XCBuildConfiguration;
			buildSettings = {
				ALWAYS_SEARCH_USER_PATHS = NO;
				CLANG_ANALYZER_NONNULL = YES;
				CLANG_ANALYZER_NUMBER_OBJECT_CONVERSION = YES_AGGRESSIVE;
				CLANG_CXX_LANGUAGE_STANDARD = "gnu++17";
				CLANG_ENABLE_MODULES = YES;
				CLANG_ENABLE_OBJC_ARC = YES;
				CLANG_ENABLE_OBJC_WEAK = YES;
				CLANG_WARN_BLOCK_CAPTURE_AUTORELEASING = YES;
				CLANG_WARN_BOOL_CONVERSION = YES;
				CLANG_WARN_COMMA = YES;
				CLANG_WARN_CONSTANT_CONVERSION = YES;
				CLANG_WARN_DEPRECATED_OBJC_IMPLEMENTATIONS = YES;
				CLANG_WARN_DIRECT_OBJC_ISA_USAGE = YES_ERROR;
				CLANG_WARN_DOCUMENTATION_COMMENTS = YES;
				CLANG_WARN_EMPTY_BODY = YES;
				CLANG_WARN_ENUM_CONVERSION = YES;
				CLANG_WARN_INFINITE_RECURSION = YES;
				CLANG_WARN_INT_CONVERSION = YES;
				CLANG_WARN_NON_LITERAL_NULL_CONVERSION = YES;
				CLANG_WARN_OBJC_IMPLICIT_RETAIN_SELF = YES;
				CLANG_WARN_OBJC_LITERAL_CONVERSION = YES;
				CLANG_WARN_OBJC_ROOT_CLASS = YES_ERROR;
				CLANG_WARN_QUOTED_INCLUDE_IN_FRAMEWORK_HEADER = YES;
				CLANG_WARN_RANGE_LOOP_ANALYSIS = YES;
				CLANG_WARN_STRICT_PROTOTYPES = YES;
				CLANG_WARN_SUSPICIOUS_MOVE = YES;
				CLANG_WARN_UNGUARDED_AVAILABILITY = YES_AGGRESSIVE;
				CLANG_WARN_UNREACHABLE_CODE = YES;
				CLANG_WARN__DUPLICATE_METHOD_MATCH = YES;
				COPY_PHASE_STRIP = NO;
				DEBUG_INFORMATION_FORMAT = dwarf;
				ENABLE_STRICT_OBJC_MSGSEND = YES;
				ENABLE_TESTABILITY = YES;
				GCC_C_LANGUAGE_STANDARD = gnu11;
				GCC_DYNAMIC_NO_PIC = NO;
				GCC_NO_COMMON_BLOCKS = YES;
				GCC_OPTIMIZATION_LEVEL = 0;
				GCC_PREPROCESSOR_DEFINITIONS = (
					"DEBUG=1",
					"$(inherited)",
				);
				GCC_WARN_64_TO_32_BIT_CONVERSION = YES;
				GCC_WARN_ABOUT_RETURN_TYPE = YES_ERROR;
				GCC_WARN_UNDECLARED_SELECTOR = YES;
				GCC_WARN_UNINITIALIZED_AUTOS = YES_AGGRESSIVE;
				GCC_WARN_UNUSED_FUNCTION = YES;
				GCC_WARN_UNUSED_VARIABLE = YES;
				IPHONEOS_DEPLOYMENT_TARGET = 15.4;
				MTL_ENABLE_DEBUG_INFO = INCLUDE_SOURCE;
				MTL_FAST_MATH = YES;
				ONLY_ACTIVE_ARCH = YES;
				SDKROOT = iphoneos;
				SWIFT_ACTIVE_COMPILATION_CONDITIONS = DEBUG;
				SWIFT_OPTIMIZATION_LEVEL = "-Onone";
			};
			name = Debug;
		};
		C006D49328210CD4007BD636 /* Release */ = {
			isa = XCBuildConfiguration;
			buildSettings = {
				ALWAYS_SEARCH_USER_PATHS = NO;
				CLANG_ANALYZER_NONNULL = YES;
				CLANG_ANALYZER_NUMBER_OBJECT_CONVERSION = YES_AGGRESSIVE;
				CLANG_CXX_LANGUAGE_STANDARD = "gnu++17";
				CLANG_ENABLE_MODULES = YES;
				CLANG_ENABLE_OBJC_ARC = YES;
				CLANG_ENABLE_OBJC_WEAK = YES;
				CLANG_WARN_BLOCK_CAPTURE_AUTORELEASING = YES;
				CLANG_WARN_BOOL_CONVERSION = YES;
				CLANG_WARN_COMMA = YES;
				CLANG_WARN_CONSTANT_CONVERSION = YES;
				CLANG_WARN_DEPRECATED_OBJC_IMPLEMENTATIONS = YES;
				CLANG_WARN_DIRECT_OBJC_ISA_USAGE = YES_ERROR;
				CLANG_WARN_DOCUMENTATION_COMMENTS = YES;
				CLANG_WARN_EMPTY_BODY = YES;
				CLANG_WARN_ENUM_CONVERSION = YES;
				CLANG_WARN_INFINITE_RECURSION = YES;
				CLANG_WARN_INT_CONVERSION = YES;
				CLANG_WARN_NON_LITERAL_NULL_CONVERSION = YES;
				CLANG_WARN_OBJC_IMPLICIT_RETAIN_SELF = YES;
				CLANG_WARN_OBJC_LITERAL_CONVERSION = YES;
				CLANG_WARN_OBJC_ROOT_CLASS = YES_ERROR;
				CLANG_WARN_QUOTED_INCLUDE_IN_FRAMEWORK_HEADER = YES;
				CLANG_WARN_RANGE_LOOP_ANALYSIS = YES;
				CLANG_WARN_STRICT_PROTOTYPES = YES;
				CLANG_WARN_SUSPICIOUS_MOVE = YES;
				CLANG_WARN_UNGUARDED_AVAILABILITY = YES_AGGRESSIVE;
				CLANG_WARN_UNREACHABLE_CODE = YES;
				CLANG_WARN__DUPLICATE_METHOD_MATCH = YES;
				COPY_PHASE_STRIP = NO;
				DEBUG_INFORMATION_FORMAT = "dwarf-with-dsym";
				ENABLE_NS_ASSERTIONS = NO;
				ENABLE_STRICT_OBJC_MSGSEND = YES;
				GCC_C_LANGUAGE_STANDARD = gnu11;
				GCC_NO_COMMON_BLOCKS = YES;
				GCC_WARN_64_TO_32_BIT_CONVERSION = YES;
				GCC_WARN_ABOUT_RETURN_TYPE = YES_ERROR;
				GCC_WARN_UNDECLARED_SELECTOR = YES;
				GCC_WARN_UNINITIALIZED_AUTOS = YES_AGGRESSIVE;
				GCC_WARN_UNUSED_FUNCTION = YES;
				GCC_WARN_UNUSED_VARIABLE = YES;
				IPHONEOS_DEPLOYMENT_TARGET = 15.4;
				MTL_ENABLE_DEBUG_INFO = NO;
				MTL_FAST_MATH = YES;
				SDKROOT = iphoneos;
				SWIFT_COMPILATION_MODE = wholemodule;
				SWIFT_OPTIMIZATION_LEVEL = "-O";
				VALIDATE_PRODUCT = YES;
			};
			name = Release;
		};
		C006D49528210CD4007BD636 /* Debug */ = {
			isa = XCBuildConfiguration;
			buildSettings = {
				ASSETCATALOG_COMPILER_APPICON_NAME = AppIcon;
				ASSETCATALOG_COMPILER_GLOBAL_ACCENT_COLOR_NAME = AccentColor;
				CODE_SIGN_STYLE = Automatic;
				CURRENT_PROJECT_VERSION = 1;
				DEVELOPMENT_ASSET_PATHS = "\"Exercises/Preview Content\"";
				DEVELOPMENT_TEAM = LAH32MJT38;
				ENABLE_PREVIEWS = YES;
				GENERATE_INFOPLIST_FILE = YES;
				INFOPLIST_KEY_UIApplicationSceneManifest_Generation = YES;
				INFOPLIST_KEY_UIApplicationSupportsIndirectInputEvents = YES;
				INFOPLIST_KEY_UILaunchScreen_Generation = YES;
				INFOPLIST_KEY_UISupportedInterfaceOrientations_iPad = "UIInterfaceOrientationPortrait UIInterfaceOrientationPortraitUpsideDown UIInterfaceOrientationLandscapeLeft UIInterfaceOrientationLandscapeRight";
				INFOPLIST_KEY_UISupportedInterfaceOrientations_iPhone = "UIInterfaceOrientationPortrait UIInterfaceOrientationLandscapeLeft UIInterfaceOrientationLandscapeRight";
				LD_RUNPATH_SEARCH_PATHS = (
					"$(inherited)",
					"@executable_path/Frameworks",
				);
				MARKETING_VERSION = 1.0;
				PRODUCT_BUNDLE_IDENTIFIER = com.github.itwenty.Exercises;
				PRODUCT_NAME = "$(TARGET_NAME)";
				SWIFT_EMIT_LOC_STRINGS = YES;
				SWIFT_VERSION = 5.0;
				TARGETED_DEVICE_FAMILY = "1,2";
			};
			name = Debug;
		};
		C006D49628210CD4007BD636 /* Release */ = {
			isa = XCBuildConfiguration;
			buildSettings = {
				ASSETCATALOG_COMPILER_APPICON_NAME = AppIcon;
				ASSETCATALOG_COMPILER_GLOBAL_ACCENT_COLOR_NAME = AccentColor;
				CODE_SIGN_STYLE = Automatic;
				CURRENT_PROJECT_VERSION = 1;
				DEVELOPMENT_ASSET_PATHS = "\"Exercises/Preview Content\"";
				DEVELOPMENT_TEAM = LAH32MJT38;
				ENABLE_PREVIEWS = YES;
				GENERATE_INFOPLIST_FILE = YES;
				INFOPLIST_KEY_UIApplicationSceneManifest_Generation = YES;
				INFOPLIST_KEY_UIApplicationSupportsIndirectInputEvents = YES;
				INFOPLIST_KEY_UILaunchScreen_Generation = YES;
				INFOPLIST_KEY_UISupportedInterfaceOrientations_iPad = "UIInterfaceOrientationPortrait UIInterfaceOrientationPortraitUpsideDown UIInterfaceOrientationLandscapeLeft UIInterfaceOrientationLandscapeRight";
				INFOPLIST_KEY_UISupportedInterfaceOrientations_iPhone = "UIInterfaceOrientationPortrait UIInterfaceOrientationLandscapeLeft UIInterfaceOrientationLandscapeRight";
				LD_RUNPATH_SEARCH_PATHS = (
					"$(inherited)",
					"@executable_path/Frameworks",
				);
				MARKETING_VERSION = 1.0;
				PRODUCT_BUNDLE_IDENTIFIER = com.github.itwenty.Exercises;
				PRODUCT_NAME = "$(TARGET_NAME)";
				SWIFT_EMIT_LOC_STRINGS = YES;
				SWIFT_VERSION = 5.0;
				TARGETED_DEVICE_FAMILY = "1,2";
			};
			name = Release;
		};
/* End XCBuildConfiguration section */

/* Begin XCConfigurationList section */
		C006D48128210CD3007BD636 /* Build configuration list for PBXProject "Exercises" */ = {
			isa = XCConfigurationList;
			buildConfigurations = (
				C006D49228210CD4007BD636 /* Debug */,
				C006D49328210CD4007BD636 /* Release */,
			);
			defaultConfigurationIsVisible = 0;
			defaultConfigurationName = Release;
		};
		C006D49428210CD4007BD636 /* Build configuration list for PBXNativeTarget "Exercises" */ = {
			isa = XCConfigurationList;
			buildConfigurations = (
				C006D49528210CD4007BD636 /* Debug */,
				C006D49628210CD4007BD636 /* Release */,
			);
			defaultConfigurationIsVisible = 0;
			defaultConfigurationName = Release;
		};
/* End XCConfigurationList section */
	};
	rootObject = C006D47E28210CD3007BD636 /* Project object */;
}
